// !$*UTF8*$!
{
	archiveVersion = 1;
	classes = {
	};
	objectVersion = 48;
	objects = {

/* Begin PBXBuildFile section */
		405F8C5020615FA900147087 /* AppDelegate.swift in Sources */ = {isa = PBXBuildFile; fileRef = 405F8C4F20615FA900147087 /* AppDelegate.swift */; };
		405F8C5220615FA900147087 /* ViewController.swift in Sources */ = {isa = PBXBuildFile; fileRef = 405F8C5120615FA900147087 /* ViewController.swift */; };
		405F8C5520615FA900147087 /* Main.storyboard in Resources */ = {isa = PBXBuildFile; fileRef = 405F8C5320615FA900147087 /* Main.storyboard */; };
		405F8C5720615FA900147087 /* Assets.xcassets in Resources */ = {isa = PBXBuildFile; fileRef = 405F8C5620615FA900147087 /* Assets.xcassets */; };
		405F8C5A20615FA900147087 /* LaunchScreen.storyboard in Resources */ = {isa = PBXBuildFile; fileRef = 405F8C5820615FA900147087 /* LaunchScreen.storyboard */; };
		405F8C6520615FA900147087 /* ElementQuizTests.swift in Sources */ = {isa = PBXBuildFile; fileRef = 405F8C6420615FA900147087 /* ElementQuizTests.swift */; };
		405F8C7020615FA900147087 /* ElementQuizUITests.swift in Sources */ = {isa = PBXBuildFile; fileRef = 405F8C6F20615FA900147087 /* ElementQuizUITests.swift */; };
/* End PBXBuildFile section */

/* Begin PBXContainerItemProxy section */
		405F8C6120615FA900147087 /* PBXContainerItemProxy */ = {
			isa = PBXContainerItemProxy;
			containerPortal = 405F8C4420615FA800147087 /* Project object */;
			proxyType = 1;
			remoteGlobalIDString = 405F8C4B20615FA800147087;
			remoteInfo = ElementQuiz;
		};
		405F8C6C20615FA900147087 /* PBXContainerItemProxy */ = {
			isa = PBXContainerItemProxy;
			containerPortal = 405F8C4420615FA800147087 /* Project object */;
			proxyType = 1;
			remoteGlobalIDString = 405F8C4B20615FA800147087;
			remoteInfo = ElementQuiz;
		};
/* End PBXContainerItemProxy section */

/* Begin PBXFileReference section */
		405F8C4C20615FA900147087 /* ElementQuiz.app */ = {isa = PBXFileReference; explicitFileType = wrapper.application; includeInIndex = 0; path = ElementQuiz.app; sourceTree = BUILT_PRODUCTS_DIR; };
		405F8C4F20615FA900147087 /* AppDelegate.swift */ = {isa = PBXFileReference; lastKnownFileType = sourcecode.swift; path = AppDelegate.swift; sourceTree = "<group>"; };
		405F8C5120615FA900147087 /* ViewController.swift */ = {isa = PBXFileReference; lastKnownFileType = sourcecode.swift; path = ViewController.swift; sourceTree = "<group>"; };
		405F8C5420615FA900147087 /* Base */ = {isa = PBXFileReference; lastKnownFileType = file.storyboard; name = Base; path = Base.lproj/Main.storyboard; sourceTree = "<group>"; };
		405F8C5620615FA900147087 /* Assets.xcassets */ = {isa = PBXFileReference; lastKnownFileType = folder.assetcatalog; path = Assets.xcassets; sourceTree = "<group>"; };
		405F8C5920615FA900147087 /* Base */ = {isa = PBXFileReference; lastKnownFileType = file.storyboard; name = Base; path = Base.lproj/LaunchScreen.storyboard; sourceTree = "<group>"; };
		405F8C5B20615FA900147087 /* Info.plist */ = {isa = PBXFileReference; lastKnownFileType = text.plist.xml; path = Info.plist; sourceTree = "<group>"; };
		405F8C6020615FA900147087 /* ElementQuizTests.xctest */ = {isa = PBXFileReference; explicitFileType = wrapper.cfbundle; includeInIndex = 0; path = ElementQuizTests.xctest; sourceTree = BUILT_PRODUCTS_DIR; };
		405F8C6420615FA900147087 /* ElementQuizTests.swift */ = {isa = PBXFileReference; lastKnownFileType = sourcecode.swift; path = ElementQuizTests.swift; sourceTree = "<group>"; };
		405F8C6620615FA900147087 /* Info.plist */ = {isa = PBXFileReference; lastKnownFileType = text.plist.xml; path = Info.plist; sourceTree = "<group>"; };
		405F8C6B20615FA900147087 /* ElementQuizUITests.xctest */ = {isa = PBXFileReference; explicitFileType = wrapper.cfbundle; includeInIndex = 0; path = ElementQuizUITests.xctest; sourceTree = BUILT_PRODUCTS_DIR; };
		405F8C6F20615FA900147087 /* ElementQuizUITests.swift */ = {isa = PBXFileReference; lastKnownFileType = sourcecode.swift; path = ElementQuizUITests.swift; sourceTree = "<group>"; };
		405F8C7120615FA900147087 /* Info.plist */ = {isa = PBXFileReference; lastKnownFileType = text.plist.xml; path = Info.plist; sourceTree = "<group>"; };
/* End PBXFileReference section */

/* Begin PBXFrameworksBuildPhase section */
		405F8C4920615FA800147087 /* Frameworks */ = {
			isa = PBXFrameworksBuildPhase;
			buildActionMask = 2147483647;
			files = (
			);
			runOnlyForDeploymentPostprocessing = 0;
		};
		405F8C5D20615FA900147087 /* Frameworks */ = {
			isa = PBXFrameworksBuildPhase;
			buildActionMask = 2147483647;
			files = (
			);
			runOnlyForDeploymentPostprocessing = 0;
		};
		405F8C6820615FA900147087 /* Frameworks */ = {
			isa = PBXFrameworksBuildPhase;
			buildActionMask = 2147483647;
			files = (
			);
			runOnlyForDeploymentPostprocessing = 0;
		};
/* End PBXFrameworksBuildPhase section */

/* Begin PBXGroup section */
		405F8C4320615FA800147087 = {
			isa = PBXGroup;
			children = (
				405F8C4E20615FA900147087 /* ElementQuiz */,
				405F8C6320615FA900147087 /* ElementQuizTests */,
				405F8C6E20615FA900147087 /* ElementQuizUITests */,
				405F8C4D20615FA900147087 /* Products */,
			);
			sourceTree = "<group>";
		};
		405F8C4D20615FA900147087 /* Products */ = {
			isa = PBXGroup;
			children = (
				405F8C4C20615FA900147087 /* ElementQuiz.app */,
				405F8C6020615FA900147087 /* ElementQuizTests.xctest */,
				405F8C6B20615FA900147087 /* ElementQuizUITests.xctest */,
			);
			name = Products;
			sourceTree = "<group>";
		};
		405F8C4E20615FA900147087 /* ElementQuiz */ = {
			isa = PBXGroup;
			children = (
				405F8C4F20615FA900147087 /* AppDelegate.swift */,
				405F8C5120615FA900147087 /* ViewController.swift */,
				405F8C5320615FA900147087 /* Main.storyboard */,
				405F8C5620615FA900147087 /* Assets.xcassets */,
				405F8C5820615FA900147087 /* LaunchScreen.storyboard */,
				405F8C5B20615FA900147087 /* Info.plist */,
			);
			path = ElementQuiz;
			sourceTree = "<group>";
		};
		405F8C6320615FA900147087 /* ElementQuizTests */ = {
			isa = PBXGroup;
			children = (
				405F8C6420615FA900147087 /* ElementQuizTests.swift */,
				405F8C6620615FA900147087 /* Info.plist */,
			);
			path = ElementQuizTests;
			sourceTree = "<group>";
		};
		405F8C6E20615FA900147087 /* ElementQuizUITests */ = {
			isa = PBXGroup;
			children = (
				405F8C6F20615FA900147087 /* ElementQuizUITests.swift */,
				405F8C7120615FA900147087 /* Info.plist */,
			);
			path = ElementQuizUITests;
			sourceTree = "<group>";
		};
/* End PBXGroup section */

/* Begin PBXNativeTarget section */
		405F8C4B20615FA800147087 /* ElementQuiz */ = {
			isa = PBXNativeTarget;
			buildConfigurationList = 405F8C7420615FA900147087 /* Build configuration list for PBXNativeTarget "ElementQuiz" */;
			buildPhases = (
				405F8C4820615FA800147087 /* Sources */,
				405F8C4920615FA800147087 /* Frameworks */,
				405F8C4A20615FA800147087 /* Resources */,
			);
			buildRules = (
			);
			dependencies = (
			);
			name = ElementQuiz;
			productName = ElementQuiz;
			productReference = 405F8C4C20615FA900147087 /* ElementQuiz.app */;
			productType = "com.apple.product-type.application";
		};
		405F8C5F20615FA900147087 /* ElementQuizTests */ = {
			isa = PBXNativeTarget;
			buildConfigurationList = 405F8C7720615FA900147087 /* Build configuration list for PBXNativeTarget "ElementQuizTests" */;
			buildPhases = (
				405F8C5C20615FA900147087 /* Sources */,
				405F8C5D20615FA900147087 /* Frameworks */,
				405F8C5E20615FA900147087 /* Resources */,
			);
			buildRules = (
			);
			dependencies = (
				405F8C6220615FA900147087 /* PBXTargetDependency */,
			);
			name = ElementQuizTests;
			productName = ElementQuizTests;
			productReference = 405F8C6020615FA900147087 /* ElementQuizTests.xctest */;
			productType = "com.apple.product-type.bundle.unit-test";
		};
		405F8C6A20615FA900147087 /* ElementQuizUITests */ = {
			isa = PBXNativeTarget;
			buildConfigurationList = 405F8C7A20615FA900147087 /* Build configuration list for PBXNativeTarget "ElementQuizUITests" */;
			buildPhases = (
				405F8C6720615FA900147087 /* Sources */,
				405F8C6820615FA900147087 /* Frameworks */,
				405F8C6920615FA900147087 /* Resources */,
			);
			buildRules = (
			);
			dependencies = (
				405F8C6D20615FA900147087 /* PBXTargetDependency */,
			);
			name = ElementQuizUITests;
			productName = ElementQuizUITests;
			productReference = 405F8C6B20615FA900147087 /* ElementQuizUITests.xctest */;
			productType = "com.apple.product-type.bundle.ui-testing";
		};
/* End PBXNativeTarget section */

/* Begin PBXProject section */
		405F8C4420615FA800147087 /* Project object */ = {
			isa = PBXProject;
			attributes = {
				LastSwiftUpdateCheck = 0920;
				LastUpgradeCheck = 0920;
				ORGANIZATIONNAME = "Synesthetic Studio";
				TargetAttributes = {
					405F8C4B20615FA800147087 = {
						CreatedOnToolsVersion = 9.2;
						ProvisioningStyle = Automatic;
					};
					405F8C5F20615FA900147087 = {
						CreatedOnToolsVersion = 9.2;
						ProvisioningStyle = Automatic;
						TestTargetID = 405F8C4B20615FA800147087;
					};
					405F8C6A20615FA900147087 = {
						CreatedOnToolsVersion = 9.2;
						ProvisioningStyle = Automatic;
						TestTargetID = 405F8C4B20615FA800147087;
					};
				};
			};
			buildConfigurationList = 405F8C4720615FA800147087 /* Build configuration list for PBXProject "ElementQuiz" */;
			compatibilityVersion = "Xcode 8.0";
			developmentRegion = en;
			hasScannedForEncodings = 0;
			knownRegions = (
				en,
				Base,
			);
			mainGroup = 405F8C4320615FA800147087;
			productRefGroup = 405F8C4D20615FA900147087 /* Products */;
			projectDirPath = "";
			projectRoot = "";
			targets = (
				405F8C4B20615FA800147087 /* ElementQuiz */,
				405F8C5F20615FA900147087 /* ElementQuizTests */,
				405F8C6A20615FA900147087 /* ElementQuizUITests */,
			);
		};
/* End PBXProject section */

/* Begin PBXResourcesBuildPhase section */
		405F8C4A20615FA800147087 /* Resources */ = {
			isa = PBXResourcesBuildPhase;
			buildActionMask = 2147483647;
			files = (
				405F8C5A20615FA900147087 /* LaunchScreen.storyboard in Resources */,
				405F8C5720615FA900147087 /* Assets.xcassets in Resources */,
				405F8C5520615FA900147087 /* Main.storyboard in Resources */,
			);
			runOnlyForDeploymentPostprocessing = 0;
		};
		405F8C5E20615FA900147087 /* Resources */ = {
			isa = PBXResourcesBuildPhase;
			buildActionMask = 2147483647;
			files = (
			);
			runOnlyForDeploymentPostprocessing = 0;
		};
		405F8C6920615FA900147087 /* Resources */ = {
			isa = PBXResourcesBuildPhase;
			buildActionMask = 2147483647;
			files = (
			);
			runOnlyForDeploymentPostprocessing = 0;
		};
/* End PBXResourcesBuildPhase section */

/* Begin PBXSourcesBuildPhase section */
		405F8C4820615FA800147087 /* Sources */ = {
			isa = PBXSourcesBuildPhase;
			buildActionMask = 2147483647;
			files = (
				405F8C5220615FA900147087 /* ViewController.swift in Sources */,
				405F8C5020615FA900147087 /* AppDelegate.swift in Sources */,
			);
			runOnlyForDeploymentPostprocessing = 0;
		};
		405F8C5C20615FA900147087 /* Sources */ = {
			isa = PBXSourcesBuildPhase;
			buildActionMask = 2147483647;
			files = (
				405F8C6520615FA900147087 /* ElementQuizTests.swift in Sources */,
			);
			runOnlyForDeploymentPostprocessing = 0;
		};
		405F8C6720615FA900147087 /* Sources */ = {
			isa = PBXSourcesBuildPhase;
			buildActionMask = 2147483647;
			files = (
				405F8C7020615FA900147087 /* ElementQuizUITests.swift in Sources */,
			);
			runOnlyForDeploymentPostprocessing = 0;
		};
/* End PBXSourcesBuildPhase section */

/* Begin PBXTargetDependency section */
		405F8C6220615FA900147087 /* PBXTargetDependency */ = {
			isa = PBXTargetDependency;
			target = 405F8C4B20615FA800147087 /* ElementQuiz */;
			targetProxy = 405F8C6120615FA900147087 /* PBXContainerItemProxy */;
		};
		405F8C6D20615FA900147087 /* PBXTargetDependency */ = {
			isa = PBXTargetDependency;
			target = 405F8C4B20615FA800147087 /* ElementQuiz */;
			targetProxy = 405F8C6C20615FA900147087 /* PBXContainerItemProxy */;
		};
/* End PBXTargetDependency section */

/* Begin PBXVariantGroup section */
		405F8C5320615FA900147087 /* Main.storyboard */ = {
			isa = PBXVariantGroup;
			children = (
				405F8C5420615FA900147087 /* Base */,
			);
			name = Main.storyboard;
			sourceTree = "<group>";
		};
		405F8C5820615FA900147087 /* LaunchScreen.storyboard */ = {
			isa = PBXVariantGroup;
			children = (
				405F8C5920615FA900147087 /* Base */,
			);
			name = LaunchScreen.storyboard;
			sourceTree = "<group>";
		};
/* End PBXVariantGroup section */

/* Begin XCBuildConfiguration section */
		405F8C7220615FA900147087 /* Debug */ = {
			isa = XCBuildConfiguration;
			buildSettings = {
				ALWAYS_SEARCH_USER_PATHS = NO;
				CLANG_ANALYZER_NONNULL = YES;
				CLANG_ANALYZER_NUMBER_OBJECT_CONVERSION = YES_AGGRESSIVE;
				CLANG_CXX_LANGUAGE_STANDARD = "gnu++14";
				CLANG_CXX_LIBRARY = "libc++";
				CLANG_ENABLE_MODULES = YES;
				CLANG_ENABLE_OBJC_ARC = YES;
				CLANG_WARN_BLOCK_CAPTURE_AUTORELEASING = YES;
				CLANG_WARN_BOOL_CONVERSION = YES;
				CLANG_WARN_COMMA = YES;
				CLANG_WARN_CONSTANT_CONVERSION = YES;
				CLANG_WARN_DIRECT_OBJC_ISA_USAGE = YES_ERROR;
				CLANG_WARN_DOCUMENTATION_COMMENTS = YES;
				CLANG_WARN_EMPTY_BODY = YES;
				CLANG_WARN_ENUM_CONVERSION = YES;
				CLANG_WARN_INFINITE_RECURSION = YES;
				CLANG_WARN_INT_CONVERSION = YES;
				CLANG_WARN_NON_LITERAL_NULL_CONVERSION = YES;
				CLANG_WARN_OBJC_LITERAL_CONVERSION = YES;
				CLANG_WARN_OBJC_ROOT_CLASS = YES_ERROR;
				CLANG_WARN_RANGE_LOOP_ANALYSIS = YES;
				CLANG_WARN_STRICT_PROTOTYPES = YES;
				CLANG_WARN_SUSPICIOUS_MOVE = YES;
				CLANG_WARN_UNGUARDED_AVAILABILITY = YES_AGGRESSIVE;
				CLANG_WARN_UNREACHABLE_CODE = YES;
				CLANG_WARN__DUPLICATE_METHOD_MATCH = YES;
				CODE_SIGN_IDENTITY = "iPhone Developer";
				COPY_PHASE_STRIP = NO;
				DEBUG_INFORMATION_FORMAT = dwarf;
				ENABLE_STRICT_OBJC_MSGSEND = YES;
				ENABLE_TESTABILITY = YES;
				GCC_C_LANGUAGE_STANDARD = gnu11;
				GCC_DYNAMIC_NO_PIC = NO;
				GCC_NO_COMMON_BLOCKS = YES;
				GCC_OPTIMIZATION_LEVEL = 0;
				GCC_PREPROCESSOR_DEFINITIONS = (
					"DEBUG=1",
					"$(inherited)",
				);
				GCC_WARN_64_TO_32_BIT_CONVERSION = YES;
				GCC_WARN_ABOUT_RETURN_TYPE = YES_ERROR;
				GCC_WARN_UNDECLARED_SELECTOR = YES;
				GCC_WARN_UNINITIALIZED_AUTOS = YES_AGGRESSIVE;
				GCC_WARN_UNUSED_FUNCTION = YES;
				GCC_WARN_UNUSED_VARIABLE = YES;
				IPHONEOS_DEPLOYMENT_TARGET = 11.2;
				MTL_ENABLE_DEBUG_INFO = YES;
				ONLY_ACTIVE_ARCH = YES;
				SDKROOT = iphoneos;
				SWIFT_ACTIVE_COMPILATION_CONDITIONS = DEBUG;
				SWIFT_OPTIMIZATION_LEVEL = "-Onone";
			};
			name = Debug;
		};
		405F8C7320615FA900147087 /* Release */ = {
			isa = XCBuildConfiguration;
			buildSettings = {
				ALWAYS_SEARCH_USER_PATHS = NO;
				CLANG_ANALYZER_NONNULL = YES;
				CLANG_ANALYZER_NUMBER_OBJECT_CONVERSION = YES_AGGRESSIVE;
				CLANG_CXX_LANGUAGE_STANDARD = "gnu++14";
				CLANG_CXX_LIBRARY = "libc++";
				CLANG_ENABLE_MODULES = YES;
				CLANG_ENABLE_OBJC_ARC = YES;
				CLANG_WARN_BLOCK_CAPTURE_AUTORELEASING = YES;
				CLANG_WARN_BOOL_CONVERSION = YES;
				CLANG_WARN_COMMA = YES;
				CLANG_WARN_CONSTANT_CONVERSION = YES;
				CLANG_WARN_DIRECT_OBJC_ISA_USAGE = YES_ERROR;
				CLANG_WARN_DOCUMENTATION_COMMENTS = YES;
				CLANG_WARN_EMPTY_BODY = YES;
				CLANG_WARN_ENUM_CONVERSION = YES;
				CLANG_WARN_INFINITE_RECURSION = YES;
				CLANG_WARN_INT_CONVERSION = YES;
				CLANG_WARN_NON_LITERAL_NULL_CONVERSION = YES;
				CLANG_WARN_OBJC_LITERAL_CONVERSION = YES;
				CLANG_WARN_OBJC_ROOT_CLASS = YES_ERROR;
				CLANG_WARN_RANGE_LOOP_ANALYSIS = YES;
				CLANG_WARN_STRICT_PROTOTYPES = YES;
				CLANG_WARN_SUSPICIOUS_MOVE = YES;
				CLANG_WARN_UNGUARDED_AVAILABILITY = YES_AGGRESSIVE;
				CLANG_WARN_UNREACHABLE_CODE = YES;
				CLANG_WARN__DUPLICATE_METHOD_MATCH = YES;
				CODE_SIGN_IDENTITY = "iPhone Developer";
				COPY_PHASE_STRIP = NO;
				DEBUG_INFORMATION_FORMAT = "dwarf-with-dsym";
				ENABLE_NS_ASSERTIONS = NO;
				ENABLE_STRICT_OBJC_MSGSEND = YES;
				GCC_C_LANGUAGE_STANDARD = gnu11;
				GCC_NO_COMMON_BLOCKS = YES;
				GCC_WARN_64_TO_32_BIT_CONVERSION = YES;
				GCC_WARN_ABOUT_RETURN_TYPE = YES_ERROR;
				GCC_WARN_UNDECLARED_SELECTOR = YES;
				GCC_WARN_UNINITIALIZED_AUTOS = YES_AGGRESSIVE;
				GCC_WARN_UNUSED_FUNCTION = YES;
				GCC_WARN_UNUSED_VARIABLE = YES;
				IPHONEOS_DEPLOYMENT_TARGET = 11.2;
				MTL_ENABLE_DEBUG_INFO = NO;
				SDKROOT = iphoneos;
				SWIFT_OPTIMIZATION_LEVEL = "-Owholemodule";
				VALIDATE_PRODUCT = YES;
			};
			name = Release;
		};
		405F8C7520615FA900147087 /* Debug */ = {
			isa = XCBuildConfiguration;
			buildSettings = {
				ASSETCATALOG_COMPILER_APPICON_NAME = AppIcon;
				CODE_SIGN_STYLE = Automatic;
				DEVELOPMENT_TEAM = 488KVNCLW5;
				INFOPLIST_FILE = ElementQuiz/Info.plist;
				LD_RUNPATH_SEARCH_PATHS = "$(inherited) @executable_path/Frameworks";
				PRODUCT_BUNDLE_IDENTIFIER = com.SynestheticStudio.ElementQuiz;
				PRODUCT_NAME = "$(TARGET_NAME)";
				SWIFT_VERSION = 4.0;
				TARGETED_DEVICE_FAMILY = "1,2";
			};
			name = Debug;
		};
		405F8C7620615FA900147087 /* Release */ = {
			isa = XCBuildConfiguration;
			buildSettings = {
				ASSETCATALOG_COMPILER_APPICON_NAME = AppIcon;
				CODE_SIGN_STYLE = Automatic;
				DEVELOPMENT_TEAM = 488KVNCLW5;
				INFOPLIST_FILE = ElementQuiz/Info.plist;
				LD_RUNPATH_SEARCH_PATHS = "$(inherited) @executable_path/Frameworks";
				PRODUCT_BUNDLE_IDENTIFIER = com.SynestheticStudio.ElementQuiz;
				PRODUCT_NAME = "$(TARGET_NAME)";
				SWIFT_VERSION = 4.0;
				TARGETED_DEVICE_FAMILY = "1,2";
			};
			name = Release;
		};
		405F8C7820615FA900147087 /* Debug */ = {
			isa = XCBuildConfiguration;
			buildSettings = {
				ALWAYS_EMBED_SWIFT_STANDARD_LIBRARIES = YES;
				BUNDLE_LOADER = "$(TEST_HOST)";
				CODE_SIGN_STYLE = Automatic;
				DEVELOPMENT_TEAM = 488KVNCLW5;
				INFOPLIST_FILE = ElementQuizTests/Info.plist;
				LD_RUNPATH_SEARCH_PATHS = "$(inherited) @executable_path/Frameworks @loader_path/Frameworks";
				PRODUCT_BUNDLE_IDENTIFIER = com.SynestheticStudio.ElementQuizTests;
				PRODUCT_NAME = "$(TARGET_NAME)";
				SWIFT_VERSION = 4.0;
				TARGETED_DEVICE_FAMILY = "1,2";
				TEST_HOST = "$(BUILT_PRODUCTS_DIR)/ElementQuiz.app/ElementQuiz";
			};
			name = Debug;
		};
		405F8C7920615FA900147087 /* Release */ = {
			isa = XCBuildConfiguration;
			buildSettings = {
				ALWAYS_EMBED_SWIFT_STANDARD_LIBRARIES = YES;
				BUNDLE_LOADER = "$(TEST_HOST)";
				CODE_SIGN_STYLE = Automatic;
				DEVELOPMENT_TEAM = 488KVNCLW5;
				INFOPLIST_FILE = ElementQuizTests/Info.plist;
				LD_RUNPATH_SEARCH_PATHS = "$(inherited) @executable_path/Frameworks @loader_path/Frameworks";
				PRODUCT_BUNDLE_IDENTIFIER = com.SynestheticStudio.ElementQuizTests;
				PRODUCT_NAME = "$(TARGET_NAME)";
				SWIFT_VERSION = 4.0;
				TARGETED_DEVICE_FAMILY = "1,2";
				TEST_HOST = "$(BUILT_PRODUCTS_DIR)/ElementQuiz.app/ElementQuiz";
			};
			name = Release;
		};
		405F8C7B20615FA900147087 /* Debug */ = {
			isa = XCBuildConfiguration;
			buildSettings = {
				ALWAYS_EMBED_SWIFT_STANDARD_LIBRARIES = YES;
				CODE_SIGN_STYLE = Automatic;
				DEVELOPMENT_TEAM = 488KVNCLW5;
				INFOPLIST_FILE = ElementQuizUITests/Info.plist;
				LD_RUNPATH_SEARCH_PATHS = "$(inherited) @executable_path/Frameworks @loader_path/Frameworks";
				PRODUCT_BUNDLE_IDENTIFIER = com.SynestheticStudio.ElementQuizUITests;
				PRODUCT_NAME = "$(TARGET_NAME)";
				SWIFT_VERSION = 4.0;
				TARGETED_DEVICE_FAMILY = "1,2";
				TEST_TARGET_NAME = ElementQuiz;
			};
			name = Debug;
		};
		405F8C7C20615FA900147087 /* Release */ = {
			isa = XCBuildConfiguration;
			buildSettings = {
				ALWAYS_EMBED_SWIFT_STANDARD_LIBRARIES = YES;
				CODE_SIGN_STYLE = Automatic;
				DEVELOPMENT_TEAM = 488KVNCLW5;
				INFOPLIST_FILE = ElementQuizUITests/Info.plist;
				LD_RUNPATH_SEARCH_PATHS = "$(inherited) @executable_path/Frameworks @loader_path/Frameworks";
				PRODUCT_BUNDLE_IDENTIFIER = com.SynestheticStudio.ElementQuizUITests;
				PRODUCT_NAME = "$(TARGET_NAME)";
				SWIFT_VERSION = 4.0;
				TARGETED_DEVICE_FAMILY = "1,2";
				TEST_TARGET_NAME = ElementQuiz;
			};
			name = Release;
		};
/* End XCBuildConfiguration section */

/* Begin XCConfigurationList section */
		405F8C4720615FA800147087 /* Build configuration list for PBXProject "ElementQuiz" */ = {
			isa = XCConfigurationList;
			buildConfigurations = (
				405F8C7220615FA900147087 /* Debug */,
				405F8C7320615FA900147087 /* Release */,
			);
			defaultConfigurationIsVisible = 0;
			defaultConfigurationName = Release;
		};
		405F8C7420615FA900147087 /* Build configuration list for PBXNativeTarget "ElementQuiz" */ = {
			isa = XCConfigurationList;
			buildConfigurations = (
				405F8C7520615FA900147087 /* Debug */,
				405F8C7620615FA900147087 /* Release */,
			);
			defaultConfigurationIsVisible = 0;
			defaultConfigurationName = Release;
		};
		405F8C7720615FA900147087 /* Build configuration list for PBXNativeTarget "ElementQuizTests" */ = {
			isa = XCConfigurationList;
			buildConfigurations = (
				405F8C7820615FA900147087 /* Debug */,
				405F8C7920615FA900147087 /* Release */,
			);
			defaultConfigurationIsVisible = 0;
			defaultConfigurationName = Release;
		};
		405F8C7A20615FA900147087 /* Build configuration list for PBXNativeTarget "ElementQuizUITests" */ = {
			isa = XCConfigurationList;
			buildConfigurations = (
				405F8C7B20615FA900147087 /* Debug */,
				405F8C7C20615FA900147087 /* Release */,
			);
			defaultConfigurationIsVisible = 0;
			defaultConfigurationName = Release;
		};
/* End XCConfigurationList section */
	};
	rootObject = 405F8C4420615FA800147087 /* Project object */;
}
